
Microsoft Visual Studio Solution File, Format Version 12.00
# Visual Studio 15
VisualStudioVersion = 15.0.28010.2048
MinimumVisualStudioVersion = 10.0.40219.1
Project("{9A19103F-16F7-4668-BE54-9A1E7A4F7556}") = "NetworkManager.Model", "NetworkManager.Model\NetworkManager.Model.csproj", "{D11C457C-263B-4E8E-A99B-AA1BFE87CCC7}"
EndProject
Project("{9A19103F-16F7-4668-BE54-9A1E7A4F7556}") = "NetworkManager.Common", "NetworkManager.Common\NetworkManager.Common.csproj", "{FCA0516E-95F9-4605-B159-7DCA7B65A205}"
EndProject
Project("{9A19103F-16F7-4668-BE54-9A1E7A4F7556}") = "NetworkManager.TopologyBuilder", "NetworkManager.TopologyBuilder\NetworkManager.TopologyBuilder.csproj", "{DF150B22-7F6C-4C65-AFA8-D63C47EE8FA9}"
EndProject
Project("{9A19103F-16F7-4668-BE54-9A1E7A4F7556}") = "NetworkManager.DTO", "NetworkManager.DTO\NetworkManager.DTO.csproj", "{3705A71F-019E-4768-B3BE-6AB425A01439}"
EndProject
Project("{FAE04EC0-301F-11D3-BF4B-00C04F79EFBC}") = "NetworkManager.Web", "NetworkManager.Web\NetworkManager.Web.csproj", "{BD3C2B2F-D2FC-4AD9-9EE1-1A052D6F4FBC}"
EndProject
Global
	GlobalSection(SolutionConfigurationPlatforms) = preSolution
		Debug|Any CPU = Debug|Any CPU
		Release|Any CPU = Release|Any CPU
	EndGlobalSection
	GlobalSection(ProjectConfigurationPlatforms) = postSolution
		{D11C457C-263B-4E8E-A99B-AA1BFE87CCC7}.Debug|Any CPU.ActiveCfg = Debug|Any CPU
		{D11C457C-263B-4E8E-A99B-AA1BFE87CCC7}.Debug|Any CPU.Build.0 = Debug|Any CPU
		{D11C457C-263B-4E8E-A99B-AA1BFE87CCC7}.Release|Any CPU.ActiveCfg = Release|Any CPU
		{D11C457C-263B-4E8E-A99B-AA1BFE87CCC7}.Release|Any CPU.Build.0 = Release|Any CPU
		{FCA0516E-95F9-4605-B159-7DCA7B65A205}.Debug|Any CPU.ActiveCfg = Debug|Any CPU
		{FCA0516E-95F9-4605-B159-7DCA7B65A205}.Debug|Any CPU.Build.0 = Debug|Any CPU
		{FCA0516E-95F9-4605-B159-7DCA7B65A205}.Release|Any CPU.ActiveCfg = Release|Any CPU
		{FCA0516E-95F9-4605-B159-7DCA7B65A205}.Release|Any CPU.Build.0 = Release|Any CPU
		{DF150B22-7F6C-4C65-AFA8-D63C47EE8FA9}.Debug|Any CPU.ActiveCfg = Debug|Any CPU
		{DF150B22-7F6C-4C65-AFA8-D63C47EE8FA9}.Debug|Any CPU.Build.0 = Debug|Any CPU
		{DF150B22-7F6C-4C65-AFA8-D63C47EE8FA9}.Release|Any CPU.ActiveCfg = Release|Any CPU
		{DF150B22-7F6C-4C65-AFA8-D63C47EE8FA9}.Release|Any CPU.Build.0 = Release|Any CPU
		{3705A71F-019E-4768-B3BE-6AB425A01439}.Debug|Any CPU.ActiveCfg = Debug|Any CPU
		{3705A71F-019E-4768-B3BE-6AB425A01439}.Debug|Any CPU.Build.0 = Debug|Any CPU
		{3705A71F-019E-4768-B3BE-6AB425A01439}.Release|Any CPU.ActiveCfg = Release|Any CPU
		{3705A71F-019E-4768-B3BE-6AB425A01439}.Release|Any CPU.Build.0 = Release|Any CPU
		{BD3C2B2F-D2FC-4AD9-9EE1-1A052D6F4FBC}.Debug|Any CPU.ActiveCfg = Debug|Any CPU
		{BD3C2B2F-D2FC-4AD9-9EE1-1A052D6F4FBC}.Debug|Any CPU.Build.0 = Debug|Any CPU
		{BD3C2B2F-D2FC-4AD9-9EE1-1A052D6F4FBC}.Release|Any CPU.ActiveCfg = Release|Any CPU
		{BD3C2B2F-D2FC-4AD9-9EE1-1A052D6F4FBC}.Release|Any CPU.Build.0 = Release|Any CPU
	EndGlobalSection
	GlobalSection(SolutionProperties) = preSolution
		HideSolutionNode = FALSE
	EndGlobalSection
	GlobalSection(ExtensibilityGlobals) = postSolution
		SolutionGuid = {63D6461B-3592-4580-87DE-5147BFFF60EA}
	EndGlobalSection
EndGlobal
